// !$*UTF8*$!
{
	archiveVersion = 1;
	classes = {
	};
	objectVersion = 46;
	objects = {

/* Begin PBXBuildFile section */
		CA951A6E1C7248E90001EA5C /* AppDelegate.swift in Sources */ = {isa = PBXBuildFile; fileRef = CA951A6D1C7248E90001EA5C /* AppDelegate.swift */; };
		CA951A701C7248E90001EA5C /* ViewController.swift in Sources */ = {isa = PBXBuildFile; fileRef = CA951A6F1C7248E90001EA5C /* ViewController.swift */; };
		CA951A731C7248E90001EA5C /* Main.storyboard in Resources */ = {isa = PBXBuildFile; fileRef = CA951A711C7248E90001EA5C /* Main.storyboard */; };
		CA951A751C7248E90001EA5C /* Assets.xcassets in Resources */ = {isa = PBXBuildFile; fileRef = CA951A741C7248E90001EA5C /* Assets.xcassets */; };
		CA951A781C7248E90001EA5C /* LaunchScreen.storyboard in Resources */ = {isa = PBXBuildFile; fileRef = CA951A761C7248E90001EA5C /* LaunchScreen.storyboard */; };
/* End PBXBuildFile section */

/* Begin PBXFileReference section */
		CA951A6A1C7248E90001EA5C /* DailyCast.app */ = {isa = PBXFileReference; explicitFileType = wrapper.application; includeInIndex = 0; path = DailyCast.app; sourceTree = BUILT_PRODUCTS_DIR; };
		CA951A6D1C7248E90001EA5C /* AppDelegate.swift */ = {isa = PBXFileReference; lastKnownFileType = sourcecode.swift; path = AppDelegate.swift; sourceTree = "<group>"; };
		CA951A6F1C7248E90001EA5C /* ViewController.swift */ = {isa = PBXFileReference; lastKnownFileType = sourcecode.swift; path = ViewController.swift; sourceTree = "<group>"; };
		CA951A721C7248E90001EA5C /* Base */ = {isa = PBXFileReference; lastKnownFileType = file.storyboard; name = Base; path = Base.lproj/Main.storyboard; sourceTree = "<group>"; };
		CA951A741C7248E90001EA5C /* Assets.xcassets */ = {isa = PBXFileReference; lastKnownFileType = folder.assetcatalog; path = Assets.xcassets; sourceTree = "<group>"; };
		CA951A771C7248E90001EA5C /* Base */ = {isa = PBXFileReference; lastKnownFileType = file.storyboard; name = Base; path = Base.lproj/LaunchScreen.storyboard; sourceTree = "<group>"; };
		CA951A791C7248E90001EA5C /* Info.plist */ = {isa = PBXFileReference; lastKnownFileType = text.plist.xml; path = Info.plist; sourceTree = "<group>"; };
/* End PBXFileReference section */

/* Begin PBXFrameworksBuildPhase section */
		CA951A671C7248E90001EA5C /* Frameworks */ = {
			isa = PBXFrameworksBuildPhase;
			buildActionMask = 2147483647;
			files = (
			);
			runOnlyForDeploymentPostprocessing = 0;
		};
/* End PBXFrameworksBuildPhase section */

/* Begin PBXGroup section */
		CA951A611C7248E90001EA5C = {
			isa = PBXGroup;
			children = (
				CA951A6C1C7248E90001EA5C /* DailyCast */,
				CA951A6B1C7248E90001EA5C /* Products */,
			);
			sourceTree = "<group>";
		};
		CA951A6B1C7248E90001EA5C /* Products */ = {
			isa = PBXGroup;
			children = (
				CA951A6A1C7248E90001EA5C /* DailyCast.app */,
			);
			name = Products;
			sourceTree = "<group>";
		};
		CA951A6C1C7248E90001EA5C /* DailyCast */ = {
			isa = PBXGroup;
			children = (
				CA951A6D1C7248E90001EA5C /* AppDelegate.swift */,
				CA951A6F1C7248E90001EA5C /* ViewController.swift */,
				CA951A711C7248E90001EA5C /* Main.storyboard */,
				CA951A741C7248E90001EA5C /* Assets.xcassets */,
				CA951A761C7248E90001EA5C /* LaunchScreen.storyboard */,
				CA951A791C7248E90001EA5C /* Info.plist */,
			);
			path = DailyCast;
			sourceTree = "<group>";
		};
/* End PBXGroup section */

/* Begin PBXNativeTarget section */
		CA951A691C7248E90001EA5C /* DailyCast */ = {
			isa = PBXNativeTarget;
			buildConfigurationList = CA951A7C1C7248E90001EA5C /* Build configuration list for PBXNativeTarget "DailyCast" */;
			buildPhases = (
				CA951A661C7248E90001EA5C /* Sources */,
				CA951A671C7248E90001EA5C /* Frameworks */,
				CA951A681C7248E90001EA5C /* Resources */,
			);
			buildRules = (
			);
			dependencies = (
			);
			name = DailyCast;
			productName = DailyCast;
			productReference = CA951A6A1C7248E90001EA5C /* DailyCast.app */;
			productType = "com.apple.product-type.application";
		};
/* End PBXNativeTarget section */

/* Begin PBXProject section */
		CA951A621C7248E90001EA5C /* Project object */ = {
			isa = PBXProject;
			attributes = {
				LastSwiftUpdateCheck = 0730;
				LastUpgradeCheck = 0730;
				ORGANIZATIONNAME = MustafaSoft;
				TargetAttributes = {
					CA951A691C7248E90001EA5C = {
						CreatedOnToolsVersion = 7.3;
						DevelopmentTeam = HNCVYKA54Q;
					};
				};
			};
			buildConfigurationList = CA951A651C7248E90001EA5C /* Build configuration list for PBXProject "DailyCast" */;
			compatibilityVersion = "Xcode 3.2";
			developmentRegion = English;
			hasScannedForEncodings = 0;
			knownRegions = (
				en,
				Base,
			);
			mainGroup = CA951A611C7248E90001EA5C;
			productRefGroup = CA951A6B1C7248E90001EA5C /* Products */;
			projectDirPath = "";
			projectRoot = "";
			targets = (
				CA951A691C7248E90001EA5C /* DailyCast */,
			);
		};
/* End PBXProject section */

/* Begin PBXResourcesBuildPhase section */
		CA951A681C7248E90001EA5C /* Resources */ = {
			isa = PBXResourcesBuildPhase;
			buildActionMask = 2147483647;
			files = (
				CA951A781C7248E90001EA5C /* LaunchScreen.storyboard in Resources */,
				CA951A751C7248E90001EA5C /* Assets.xcassets in Resources */,
				CA951A731C7248E90001EA5C /* Main.storyboard in Resources */,
			);
			runOnlyForDeploymentPostprocessing = 0;
		};
/* End PBXResourcesBuildPhase section */

/* Begin PBXSourcesBuildPhase section */
		CA951A661C7248E90001EA5C /* Sources */ = {
			isa = PBXSourcesBuildPhase;
			buildActionMask = 2147483647;
			files = (
				CA951A701C7248E90001EA5C /* ViewController.swift in Sources */,
				CA951A6E1C7248E90001EA5C /* AppDelegate.swift in Sources */,
			);
			runOnlyForDeploymentPostprocessing = 0;
		};
/* End PBXSourcesBuildPhase section */

/* Begin PBXVariantGroup section */
		CA951A711C7248E90001EA5C /* Main.storyboard */ = {
			isa = PBXVariantGroup;
			children = (
				CA951A721C7248E90001EA5C /* Base */,
			);
			name = Main.storyboard;
			sourceTree = "<group>";
		};
		CA951A761C7248E90001EA5C /* LaunchScreen.storyboard */ = {
			isa = PBXVariantGroup;
			children = (
				CA951A771C7248E90001EA5C /* Base */,
			);
			name = LaunchScreen.storyboard;
			sourceTree = "<group>";
		};
/* End PBXVariantGroup section */

/* Begin XCBuildConfiguration section */
		CA951A7A1C7248E90001EA5C /* Debug */ = {
			isa = XCBuildConfiguration;
			buildSettings = {
				ALWAYS_SEARCH_USER_PATHS = NO;
				CLANG_ANALYZER_NONNULL = YES;
				CLANG_CXX_LANGUAGE_STANDARD = "gnu++0x";
				CLANG_CXX_LIBRARY = "libc++";
				CLANG_ENABLE_MODULES = YES;
				CLANG_ENABLE_OBJC_ARC = YES;
				CLANG_WARN_BOOL_CONVERSION = YES;
				CLANG_WARN_CONSTANT_CONVERSION = YES;
				CLANG_WARN_DIRECT_OBJC_ISA_USAGE = YES_ERROR;
				CLANG_WARN_EMPTY_BODY = YES;
				CLANG_WARN_ENUM_CONVERSION = YES;
				CLANG_WARN_INT_CONVERSION = YES;
				CLANG_WARN_OBJC_ROOT_CLASS = YES_ERROR;
				CLANG_WARN_UNREACHABLE_CODE = YES;
				CLANG_WARN__DUPLICATE_METHOD_MATCH = YES;
				"CODE_SIGN_IDENTITY[sdk=iphoneos*]" = "iPhone Developer";
				COPY_PHASE_STRIP = NO;
				DEBUG_INFORMATION_FORMAT = dwarf;
				ENABLE_STRICT_OBJC_MSGSEND = YES;
				ENABLE_TESTABILITY = YES;
				GCC_C_LANGUAGE_STANDARD = gnu99;
				GCC_DYNAMIC_NO_PIC = NO;
				GCC_NO_COMMON_BLOCKS = YES;
				GCC_OPTIMIZATION_LEVEL = 0;
				GCC_PREPROCESSOR_DEFINITIONS = (
					"DEBUG=1",
					"$(inherited)",
				);
				GCC_WARN_64_TO_32_BIT_CONVERSION = YES;
				GCC_WARN_ABOUT_RETURN_TYPE = YES_ERROR;
				GCC_WARN_UNDECLARED_SELECTOR = YES;
				GCC_WARN_UNINITIALIZED_AUTOS = YES_AGGRESSIVE;
				GCC_WARN_UNUSED_FUNCTION = YES;
				GCC_WARN_UNUSED_VARIABLE = YES;
				IPHONEOS_DEPLOYMENT_TARGET = 9.3;
				MTL_ENABLE_DEBUG_INFO = YES;
				ONLY_ACTIVE_ARCH = YES;
				SDKROOT = iphoneos;
				SWIFT_OPTIMIZATION_LEVEL = "-Onone";
			};
			name = Debug;
		};
		CA951A7B1C7248E90001EA5C /* Release */ = {
			isa = XCBuildConfiguration;
			buildSettings = {
				ALWAYS_SEARCH_USER_PATHS = NO;
				CLANG_ANALYZER_NONNULL = YES;
				CLANG_CXX_LANGUAGE_STANDARD = "gnu++0x";
				CLANG_CXX_LIBRARY = "libc++";
				CLANG_ENABLE_MODULES = YES;
				CLANG_ENABLE_OBJC_ARC = YES;
				CLANG_WARN_BOOL_CONVERSION = YES;
				CLANG_WARN_CONSTANT_CONVERSION = YES;
				CLANG_WARN_DIRECT_OBJC_ISA_USAGE = YES_ERROR;
				CLANG_WARN_EMPTY_BODY = YES;
				CLANG_WARN_ENUM_CONVERSION = YES;
				CLANG_WARN_INT_CONVERSION = YES;
				CLANG_WARN_OBJC_ROOT_CLASS = YES_ERROR;
				CLANG_WARN_UNREACHABLE_CODE = YES;
				CLANG_WARN__DUPLICATE_METHOD_MATCH = YES;
				"CODE_SIGN_IDENTITY[sdk=iphoneos*]" = "iPhone Developer";
				COPY_PHASE_STRIP = NO;
				DEBUG_INFORMATION_FORMAT = "dwarf-with-dsym";
				ENABLE_NS_ASSERTIONS = NO;
				ENABLE_STRICT_OBJC_MSGSEND = YES;
				GCC_C_LANGUAGE_STANDARD = gnu99;
				GCC_NO_COMMON_BLOCKS = YES;
				GCC_WARN_64_TO_32_BIT_CONVERSION = YES;
				GCC_WARN_ABOUT_RETURN_TYPE = YES_ERROR;
				GCC_WARN_UNDECLARED_SELECTOR = YES;
				GCC_WARN_UNINITIALIZED_AUTOS = YES_AGGRESSIVE;
				GCC_WARN_UNUSED_FUNCTION = YES;
				GCC_WARN_UNUSED_VARIABLE = YES;
				IPHONEOS_DEPLOYMENT_TARGET = 9.3;
				MTL_ENABLE_DEBUG_INFO = NO;
				SDKROOT = iphoneos;
				VALIDATE_PRODUCT = YES;
			};
			name = Release;
		};
		CA951A7D1C7248E90001EA5C /* Debug */ = {
			isa = XCBuildConfiguration;
			buildSettings = {
				ASSETCATALOG_COMPILER_APPICON_NAME = AppIcon;
				INFOPLIST_FILE = DailyCast/Info.plist;
				LD_RUNPATH_SEARCH_PATHS = "$(inherited) @executable_path/Frameworks";
				PRODUCT_BUNDLE_IDENTIFIER = com.MustafaSoft.DailyCast;
				PRODUCT_NAME = "$(TARGET_NAME)";
			};
			name = Debug;
		};
		CA951A7E1C7248E90001EA5C /* Release */ = {
			isa = XCBuildConfiguration;
			buildSettings = {
				ASSETCATALOG_COMPILER_APPICON_NAME = AppIcon;
				INFOPLIST_FILE = DailyCast/Info.plist;
				LD_RUNPATH_SEARCH_PATHS = "$(inherited) @executable_path/Frameworks";
				PRODUCT_BUNDLE_IDENTIFIER = com.MustafaSoft.DailyCast;
				PRODUCT_NAME = "$(TARGET_NAME)";
			};
			name = Release;
		};
/* End XCBuildConfiguration section */

/* Begin XCConfigurationList section */
		CA951A651C7248E90001EA5C /* Build configuration list for PBXProject "DailyCast" */ = {
			isa = XCConfigurationList;
			buildConfigurations = (
				CA951A7A1C7248E90001EA5C /* Debug */,
				CA951A7B1C7248E90001EA5C /* Release */,
			);
			defaultConfigurationIsVisible = 0;
			defaultConfigurationName = Release;
		};
		CA951A7C1C7248E90001EA5C /* Build configuration list for PBXNativeTarget "DailyCast" */ = {
			isa = XCConfigurationList;
			buildConfigurations = (
				CA951A7D1C7248E90001EA5C /* Debug */,
				CA951A7E1C7248E90001EA5C /* Release */,
			);
			defaultConfigurationIsVisible = 0;
		};
/* End XCConfigurationList section */
	};
	rootObject = CA951A621C7248E90001EA5C /* Project object */;
}
